// !$*UTF8*$!
{
	archiveVersion = 1;
	classes = {
	};
	objectVersion = 55;
	objects = {

/* Begin PBXBuildFile section */
		6315A2272741236300B36F1A /* AppDelegate.swift in Sources */ = {isa = PBXBuildFile; fileRef = 6315A2262741236300B36F1A /* AppDelegate.swift */; };
		6315A2292741236300B36F1A /* SceneDelegate.swift in Sources */ = {isa = PBXBuildFile; fileRef = 6315A2282741236300B36F1A /* SceneDelegate.swift */; };
		6315A2302741236400B36F1A /* Assets.xcassets in Resources */ = {isa = PBXBuildFile; fileRef = 6315A22F2741236400B36F1A /* Assets.xcassets */; };
		6315A23E2741236500B36F1A /* BooksTests.swift in Sources */ = {isa = PBXBuildFile; fileRef = 6315A23D2741236500B36F1A /* BooksTests.swift */; };
		6315A2482741236500B36F1A /* BooksUITests.swift in Sources */ = {isa = PBXBuildFile; fileRef = 6315A2472741236500B36F1A /* BooksUITests.swift */; };
		6315A24A2741236500B36F1A /* BooksUITestsLaunchTests.swift in Sources */ = {isa = PBXBuildFile; fileRef = 6315A2492741236500B36F1A /* BooksUITestsLaunchTests.swift */; };
		6315A25C2741252800B36F1A /* BookListScreenVC.swift in Sources */ = {isa = PBXBuildFile; fileRef = 6315A25A2741252800B36F1A /* BookListScreenVC.swift */; };
		6315A25D2741252800B36F1A /* BookListScreenVC.xib in Resources */ = {isa = PBXBuildFile; fileRef = 6315A25B2741252800B36F1A /* BookListScreenVC.xib */; };
		634DD23B2741D42800FB73FB /* BooksModel.swift in Sources */ = {isa = PBXBuildFile; fileRef = 634DD23A2741D42800FB73FB /* BooksModel.swift */; };
		634DD23D2741E8C900FB73FB /* BookListScreenVM.swift in Sources */ = {isa = PBXBuildFile; fileRef = 634DD23C2741E8C900FB73FB /* BookListScreenVM.swift */; };
		634DD23F2742154700FB73FB /* AppState.swift in Sources */ = {isa = PBXBuildFile; fileRef = 634DD23E2742154700FB73FB /* AppState.swift */; };
/* End PBXBuildFile section */

/* Begin PBXContainerItemProxy section */
		6315A23A2741236500B36F1A /* PBXContainerItemProxy */ = {
			isa = PBXContainerItemProxy;
			containerPortal = 6315A21B2741236300B36F1A /* Project object */;
			proxyType = 1;
			remoteGlobalIDString = 6315A2222741236300B36F1A;
			remoteInfo = Books;
		};
		6315A2442741236500B36F1A /* PBXContainerItemProxy */ = {
			isa = PBXContainerItemProxy;
			containerPortal = 6315A21B2741236300B36F1A /* Project object */;
			proxyType = 1;
			remoteGlobalIDString = 6315A2222741236300B36F1A;
			remoteInfo = Books;
		};
/* End PBXContainerItemProxy section */

/* Begin PBXFileReference section */
		6315A2232741236300B36F1A /* Books.app */ = {isa = PBXFileReference; explicitFileType = wrapper.application; includeInIndex = 0; path = Books.app; sourceTree = BUILT_PRODUCTS_DIR; };
		6315A2262741236300B36F1A /* AppDelegate.swift */ = {isa = PBXFileReference; lastKnownFileType = sourcecode.swift; path = AppDelegate.swift; sourceTree = "<group>"; };
		6315A2282741236300B36F1A /* SceneDelegate.swift */ = {isa = PBXFileReference; lastKnownFileType = sourcecode.swift; path = SceneDelegate.swift; sourceTree = "<group>"; };
		6315A22F2741236400B36F1A /* Assets.xcassets */ = {isa = PBXFileReference; lastKnownFileType = folder.assetcatalog; path = Assets.xcassets; sourceTree = "<group>"; };
		6315A2342741236400B36F1A /* Info.plist */ = {isa = PBXFileReference; lastKnownFileType = text.plist.xml; path = Info.plist; sourceTree = "<group>"; };
		6315A2392741236500B36F1A /* BooksTests.xctest */ = {isa = PBXFileReference; explicitFileType = wrapper.cfbundle; includeInIndex = 0; path = BooksTests.xctest; sourceTree = BUILT_PRODUCTS_DIR; };
		6315A23D2741236500B36F1A /* BooksTests.swift */ = {isa = PBXFileReference; lastKnownFileType = sourcecode.swift; path = BooksTests.swift; sourceTree = "<group>"; };
		6315A2432741236500B36F1A /* BooksUITests.xctest */ = {isa = PBXFileReference; explicitFileType = wrapper.cfbundle; includeInIndex = 0; path = BooksUITests.xctest; sourceTree = BUILT_PRODUCTS_DIR; };
		6315A2472741236500B36F1A /* BooksUITests.swift */ = {isa = PBXFileReference; lastKnownFileType = sourcecode.swift; path = BooksUITests.swift; sourceTree = "<group>"; };
		6315A2492741236500B36F1A /* BooksUITestsLaunchTests.swift */ = {isa = PBXFileReference; lastKnownFileType = sourcecode.swift; path = BooksUITestsLaunchTests.swift; sourceTree = "<group>"; };
		6315A25A2741252800B36F1A /* BookListScreenVC.swift */ = {isa = PBXFileReference; lastKnownFileType = sourcecode.swift; path = BookListScreenVC.swift; sourceTree = "<group>"; };
		6315A25B2741252800B36F1A /* BookListScreenVC.xib */ = {isa = PBXFileReference; lastKnownFileType = file.xib; path = BookListScreenVC.xib; sourceTree = "<group>"; };
		634DD23A2741D42800FB73FB /* BooksModel.swift */ = {isa = PBXFileReference; lastKnownFileType = sourcecode.swift; path = BooksModel.swift; sourceTree = "<group>"; };
		634DD23C2741E8C900FB73FB /* BookListScreenVM.swift */ = {isa = PBXFileReference; lastKnownFileType = sourcecode.swift; path = BookListScreenVM.swift; sourceTree = "<group>"; };
		634DD23E2742154700FB73FB /* AppState.swift */ = {isa = PBXFileReference; lastKnownFileType = sourcecode.swift; path = AppState.swift; sourceTree = "<group>"; };
/* End PBXFileReference section */

/* Begin PBXFrameworksBuildPhase section */
		6315A2202741236300B36F1A /* Frameworks */ = {
			isa = PBXFrameworksBuildPhase;
			buildActionMask = 2147483647;
			files = (
			);
			runOnlyForDeploymentPostprocessing = 0;
		};
		6315A2362741236500B36F1A /* Frameworks */ = {
			isa = PBXFrameworksBuildPhase;
			buildActionMask = 2147483647;
			files = (
			);
			runOnlyForDeploymentPostprocessing = 0;
		};
		6315A2402741236500B36F1A /* Frameworks */ = {
			isa = PBXFrameworksBuildPhase;
			buildActionMask = 2147483647;
			files = (
			);
			runOnlyForDeploymentPostprocessing = 0;
		};
/* End PBXFrameworksBuildPhase section */

/* Begin PBXGroup section */
		6315A21A2741236300B36F1A = {
			isa = PBXGroup;
			children = (
				6315A2252741236300B36F1A /* Books */,
				6315A23C2741236500B36F1A /* BooksTests */,
				6315A2462741236500B36F1A /* BooksUITests */,
				6315A2242741236300B36F1A /* Products */,
			);
			sourceTree = "<group>";
		};
		6315A2242741236300B36F1A /* Products */ = {
			isa = PBXGroup;
			children = (
				6315A2232741236300B36F1A /* Books.app */,
				6315A2392741236500B36F1A /* BooksTests.xctest */,
				6315A2432741236500B36F1A /* BooksUITests.xctest */,
			);
			name = Products;
			sourceTree = "<group>";
		};
		6315A2252741236300B36F1A /* Books */ = {
			isa = PBXGroup;
			children = (
				634DD2392741D41500FB73FB /* Model */,
				634DD2332741CB1300FB73FB /* Services */,
				6315A2562741246000B36F1A /* Applications */,
				6315A2572741247500B36F1A /* Screens */,
				6315A2582741247B00B36F1A /* CommonResources */,
				6315A2342741236400B36F1A /* Info.plist */,
			);
			path = Books;
			sourceTree = "<group>";
		};
		6315A23C2741236500B36F1A /* BooksTests */ = {
			isa = PBXGroup;
			children = (
				6315A23D2741236500B36F1A /* BooksTests.swift */,
			);
			path = BooksTests;
			sourceTree = "<group>";
		};
		6315A2462741236500B36F1A /* BooksUITests */ = {
			isa = PBXGroup;
			children = (
				6315A2472741236500B36F1A /* BooksUITests.swift */,
				6315A2492741236500B36F1A /* BooksUITestsLaunchTests.swift */,
			);
			path = BooksUITests;
			sourceTree = "<group>";
		};
		6315A2562741246000B36F1A /* Applications */ = {
			isa = PBXGroup;
			children = (
				6315A2262741236300B36F1A /* AppDelegate.swift */,
				6315A2282741236300B36F1A /* SceneDelegate.swift */,
				634DD23E2742154700FB73FB /* AppState.swift */,
			);
			path = Applications;
			sourceTree = "<group>";
		};
		6315A2572741247500B36F1A /* Screens */ = {
			isa = PBXGroup;
			children = (
				6315A259274124D600B36F1A /* BookListScreen */,
			);
			path = Screens;
			sourceTree = "<group>";
		};
		6315A2582741247B00B36F1A /* CommonResources */ = {
			isa = PBXGroup;
			children = (
				6315A22F2741236400B36F1A /* Assets.xcassets */,
			);
			path = CommonResources;
			sourceTree = "<group>";
		};
		6315A259274124D600B36F1A /* BookListScreen */ = {
			isa = PBXGroup;
			children = (
				6315A25A2741252800B36F1A /* BookListScreenVC.swift */,
				6315A25B2741252800B36F1A /* BookListScreenVC.xib */,
				634DD23C2741E8C900FB73FB /* BookListScreenVM.swift */,
			);
			path = BookListScreen;
			sourceTree = "<group>";
		};
		634DD2332741CB1300FB73FB /* Services */ = {
			isa = PBXGroup;
			children = (
			);
			path = Services;
			sourceTree = "<group>";
		};
		634DD2392741D41500FB73FB /* Model */ = {
			isa = PBXGroup;
			children = (
				634DD23A2741D42800FB73FB /* BooksModel.swift */,
			);
			path = Model;
			sourceTree = "<group>";
		};
/* End PBXGroup section */

/* Begin PBXNativeTarget section */
		6315A2222741236300B36F1A /* Books */ = {
			isa = PBXNativeTarget;
			buildConfigurationList = 6315A24D2741236500B36F1A /* Build configuration list for PBXNativeTarget "Books" */;
			buildPhases = (
				6315A21F2741236300B36F1A /* Sources */,
				6315A2202741236300B36F1A /* Frameworks */,
				6315A2212741236300B36F1A /* Resources */,
			);
			buildRules = (
			);
			dependencies = (
			);
			name = Books;
			productName = Books;
			productReference = 6315A2232741236300B36F1A /* Books.app */;
			productType = "com.apple.product-type.application";
		};
		6315A2382741236500B36F1A /* BooksTests */ = {
			isa = PBXNativeTarget;
			buildConfigurationList = 6315A2502741236500B36F1A /* Build configuration list for PBXNativeTarget "BooksTests" */;
			buildPhases = (
				6315A2352741236500B36F1A /* Sources */,
				6315A2362741236500B36F1A /* Frameworks */,
				6315A2372741236500B36F1A /* Resources */,
			);
			buildRules = (
			);
			dependencies = (
				6315A23B2741236500B36F1A /* PBXTargetDependency */,
			);
			name = BooksTests;
			productName = BooksTests;
			productReference = 6315A2392741236500B36F1A /* BooksTests.xctest */;
			productType = "com.apple.product-type.bundle.unit-test";
		};
		6315A2422741236500B36F1A /* BooksUITests */ = {
			isa = PBXNativeTarget;
			buildConfigurationList = 6315A2532741236500B36F1A /* Build configuration list for PBXNativeTarget "BooksUITests" */;
			buildPhases = (
				6315A23F2741236500B36F1A /* Sources */,
				6315A2402741236500B36F1A /* Frameworks */,
				6315A2412741236500B36F1A /* Resources */,
			);
			buildRules = (
			);
			dependencies = (
				6315A2452741236500B36F1A /* PBXTargetDependency */,
			);
			name = BooksUITests;
			productName = BooksUITests;
			productReference = 6315A2432741236500B36F1A /* BooksUITests.xctest */;
			productType = "com.apple.product-type.bundle.ui-testing";
		};
/* End PBXNativeTarget section */

/* Begin PBXProject section */
		6315A21B2741236300B36F1A /* Project object */ = {
			isa = PBXProject;
			attributes = {
				BuildIndependentTargetsInParallel = 1;
				LastSwiftUpdateCheck = 1310;
				LastUpgradeCheck = 1310;
				TargetAttributes = {
					6315A2222741236300B36F1A = {
						CreatedOnToolsVersion = 13.1;
					};
					6315A2382741236500B36F1A = {
						CreatedOnToolsVersion = 13.1;
						TestTargetID = 6315A2222741236300B36F1A;
					};
					6315A2422741236500B36F1A = {
						CreatedOnToolsVersion = 13.1;
						TestTargetID = 6315A2222741236300B36F1A;
					};
				};
			};
			buildConfigurationList = 6315A21E2741236300B36F1A /* Build configuration list for PBXProject "Books" */;
			compatibilityVersion = "Xcode 13.0";
			developmentRegion = en;
			hasScannedForEncodings = 0;
			knownRegions = (
				en,
				Base,
			);
			mainGroup = 6315A21A2741236300B36F1A;
			productRefGroup = 6315A2242741236300B36F1A /* Products */;
			projectDirPath = "";
			projectRoot = "";
			targets = (
				6315A2222741236300B36F1A /* Books */,
				6315A2382741236500B36F1A /* BooksTests */,
				6315A2422741236500B36F1A /* BooksUITests */,
			);
		};
/* End PBXProject section */

/* Begin PBXResourcesBuildPhase section */
		6315A2212741236300B36F1A /* Resources */ = {
			isa = PBXResourcesBuildPhase;
			buildActionMask = 2147483647;
			files = (
				6315A2302741236400B36F1A /* Assets.xcassets in Resources */,
				6315A25D2741252800B36F1A /* BookListScreenVC.xib in Resources */,
			);
			runOnlyForDeploymentPostprocessing = 0;
		};
		6315A2372741236500B36F1A /* Resources */ = {
			isa = PBXResourcesBuildPhase;
			buildActionMask = 2147483647;
			files = (
			);
			runOnlyForDeploymentPostprocessing = 0;
		};
		6315A2412741236500B36F1A /* Resources */ = {
			isa = PBXResourcesBuildPhase;
			buildActionMask = 2147483647;
			files = (
			);
			runOnlyForDeploymentPostprocessing = 0;
		};
/* End PBXResourcesBuildPhase section */

/* Begin PBXSourcesBuildPhase section */
		6315A21F2741236300B36F1A /* Sources */ = {
			isa = PBXSourcesBuildPhase;
			buildActionMask = 2147483647;
			files = (
				6315A25C2741252800B36F1A /* BookListScreenVC.swift in Sources */,
				634DD23F2742154700FB73FB /* AppState.swift in Sources */,
				6315A2272741236300B36F1A /* AppDelegate.swift in Sources */,
				6315A2292741236300B36F1A /* SceneDelegate.swift in Sources */,
				634DD23B2741D42800FB73FB /* BooksModel.swift in Sources */,
				634DD23D2741E8C900FB73FB /* BookListScreenVM.swift in Sources */,
			);
			runOnlyForDeploymentPostprocessing = 0;
		};
		6315A2352741236500B36F1A /* Sources */ = {
			isa = PBXSourcesBuildPhase;
			buildActionMask = 2147483647;
			files = (
				6315A23E2741236500B36F1A /* BooksTests.swift in Sources */,
			);
			runOnlyForDeploymentPostprocessing = 0;
		};
		6315A23F2741236500B36F1A /* Sources */ = {
			isa = PBXSourcesBuildPhase;
			buildActionMask = 2147483647;
			files = (
				6315A2482741236500B36F1A /* BooksUITests.swift in Sources */,
				6315A24A2741236500B36F1A /* BooksUITestsLaunchTests.swift in Sources */,
			);
			runOnlyForDeploymentPostprocessing = 0;
		};
/* End PBXSourcesBuildPhase section */

/* Begin PBXTargetDependency section */
		6315A23B2741236500B36F1A /* PBXTargetDependency */ = {
			isa = PBXTargetDependency;
			target = 6315A2222741236300B36F1A /* Books */;
			targetProxy = 6315A23A2741236500B36F1A /* PBXContainerItemProxy */;
		};
		6315A2452741236500B36F1A /* PBXTargetDependency */ = {
			isa = PBXTargetDependency;
			target = 6315A2222741236300B36F1A /* Books */;
			targetProxy = 6315A2442741236500B36F1A /* PBXContainerItemProxy */;
		};
/* End PBXTargetDependency section */

/* Begin XCBuildConfiguration section */
		6315A24B2741236500B36F1A /* Debug */ = {
			isa = XCBuildConfiguration;
			buildSettings = {
				ALWAYS_SEARCH_USER_PATHS = NO;
				CLANG_ANALYZER_NONNULL = YES;
				CLANG_ANALYZER_NUMBER_OBJECT_CONVERSION = YES_AGGRESSIVE;
				CLANG_CXX_LANGUAGE_STANDARD = "gnu++17";
				CLANG_CXX_LIBRARY = "libc++";
				CLANG_ENABLE_MODULES = YES;
				CLANG_ENABLE_OBJC_ARC = YES;
				CLANG_ENABLE_OBJC_WEAK = YES;
				CLANG_WARN_BLOCK_CAPTURE_AUTORELEASING = YES;
				CLANG_WARN_BOOL_CONVERSION = YES;
				CLANG_WARN_COMMA = YES;
				CLANG_WARN_CONSTANT_CONVERSION = YES;
				CLANG_WARN_DEPRECATED_OBJC_IMPLEMENTATIONS = YES;
				CLANG_WARN_DIRECT_OBJC_ISA_USAGE = YES_ERROR;
				CLANG_WARN_DOCUMENTATION_COMMENTS = YES;
				CLANG_WARN_EMPTY_BODY = YES;
				CLANG_WARN_ENUM_CONVERSION = YES;
				CLANG_WARN_INFINITE_RECURSION = YES;
				CLANG_WARN_INT_CONVERSION = YES;
				CLANG_WARN_NON_LITERAL_NULL_CONVERSION = YES;
				CLANG_WARN_OBJC_IMPLICIT_RETAIN_SELF = YES;
				CLANG_WARN_OBJC_LITERAL_CONVERSION = YES;
				CLANG_WARN_OBJC_ROOT_CLASS = YES_ERROR;
				CLANG_WARN_QUOTED_INCLUDE_IN_FRAMEWORK_HEADER = YES;
				CLANG_WARN_RANGE_LOOP_ANALYSIS = YES;
				CLANG_WARN_STRICT_PROTOTYPES = YES;
				CLANG_WARN_SUSPICIOUS_MOVE = YES;
				CLANG_WARN_UNGUARDED_AVAILABILITY = YES_AGGRESSIVE;
				CLANG_WARN_UNREACHABLE_CODE = YES;
				CLANG_WARN__DUPLICATE_METHOD_MATCH = YES;
				COPY_PHASE_STRIP = NO;
				DEBUG_INFORMATION_FORMAT = dwarf;
				ENABLE_STRICT_OBJC_MSGSEND = YES;
				ENABLE_TESTABILITY = YES;
				GCC_C_LANGUAGE_STANDARD = gnu11;
				GCC_DYNAMIC_NO_PIC = NO;
				GCC_NO_COMMON_BLOCKS = YES;
				GCC_OPTIMIZATION_LEVEL = 0;
				GCC_PREPROCESSOR_DEFINITIONS = (
					"DEBUG=1",
					"$(inherited)",
				);
				GCC_WARN_64_TO_32_BIT_CONVERSION = YES;
				GCC_WARN_ABOUT_RETURN_TYPE = YES_ERROR;
				GCC_WARN_UNDECLARED_SELECTOR = YES;
				GCC_WARN_UNINITIALIZED_AUTOS = YES_AGGRESSIVE;
				GCC_WARN_UNUSED_FUNCTION = YES;
				GCC_WARN_UNUSED_VARIABLE = YES;
				IPHONEOS_DEPLOYMENT_TARGET = 15.0;
				MTL_ENABLE_DEBUG_INFO = INCLUDE_SOURCE;
				MTL_FAST_MATH = YES;
				ONLY_ACTIVE_ARCH = YES;
				SDKROOT = iphoneos;
				SWIFT_ACTIVE_COMPILATION_CONDITIONS = DEBUG;
				SWIFT_OPTIMIZATION_LEVEL = "-Onone";
			};
			name = Debug;
		};
		6315A24C2741236500B36F1A /* Release */ = {
			isa = XCBuildConfiguration;
			buildSettings = {
				ALWAYS_SEARCH_USER_PATHS = NO;
				CLANG_ANALYZER_NONNULL = YES;
				CLANG_ANALYZER_NUMBER_OBJECT_CONVERSION = YES_AGGRESSIVE;
				CLANG_CXX_LANGUAGE_STANDARD = "gnu++17";
				CLANG_CXX_LIBRARY = "libc++";
				CLANG_ENABLE_MODULES = YES;
				CLANG_ENABLE_OBJC_ARC = YES;
				CLANG_ENABLE_OBJC_WEAK = YES;
				CLANG_WARN_BLOCK_CAPTURE_AUTORELEASING = YES;
				CLANG_WARN_BOOL_CONVERSION = YES;
				CLANG_WARN_COMMA = YES;
				CLANG_WARN_CONSTANT_CONVERSION = YES;
				CLANG_WARN_DEPRECATED_OBJC_IMPLEMENTATIONS = YES;
				CLANG_WARN_DIRECT_OBJC_ISA_USAGE = YES_ERROR;
				CLANG_WARN_DOCUMENTATION_COMMENTS = YES;
				CLANG_WARN_EMPTY_BODY = YES;
				CLANG_WARN_ENUM_CONVERSION = YES;
				CLANG_WARN_INFINITE_RECURSION = YES;
				CLANG_WARN_INT_CONVERSION = YES;
				CLANG_WARN_NON_LITERAL_NULL_CONVERSION = YES;
				CLANG_WARN_OBJC_IMPLICIT_RETAIN_SELF = YES;
				CLANG_WARN_OBJC_LITERAL_CONVERSION = YES;
				CLANG_WARN_OBJC_ROOT_CLASS = YES_ERROR;
				CLANG_WARN_QUOTED_INCLUDE_IN_FRAMEWORK_HEADER = YES;
				CLANG_WARN_RANGE_LOOP_ANALYSIS = YES;
				CLANG_WARN_STRICT_PROTOTYPES = YES;
				CLANG_WARN_SUSPICIOUS_MOVE = YES;
				CLANG_WARN_UNGUARDED_AVAILABILITY = YES_AGGRESSIVE;
				CLANG_WARN_UNREACHABLE_CODE = YES;
				CLANG_WARN__DUPLICATE_METHOD_MATCH = YES;
				COPY_PHASE_STRIP = NO;
				DEBUG_INFORMATION_FORMAT = "dwarf-with-dsym";
				ENABLE_NS_ASSERTIONS = NO;
				ENABLE_STRICT_OBJC_MSGSEND = YES;
				GCC_C_LANGUAGE_STANDARD = gnu11;
				GCC_NO_COMMON_BLOCKS = YES;
				GCC_WARN_64_TO_32_BIT_CONVERSION = YES;
				GCC_WARN_ABOUT_RETURN_TYPE = YES_ERROR;
				GCC_WARN_UNDECLARED_SELECTOR = YES;
				GCC_WARN_UNINITIALIZED_AUTOS = YES_AGGRESSIVE;
				GCC_WARN_UNUSED_FUNCTION = YES;
				GCC_WARN_UNUSED_VARIABLE = YES;
				IPHONEOS_DEPLOYMENT_TARGET = 15.0;
				MTL_ENABLE_DEBUG_INFO = NO;
				MTL_FAST_MATH = YES;
				SDKROOT = iphoneos;
				SWIFT_COMPILATION_MODE = wholemodule;
				SWIFT_OPTIMIZATION_LEVEL = "-O";
				VALIDATE_PRODUCT = YES;
			};
			name = Release;
		};
		6315A24E2741236500B36F1A /* Debug */ = {
			isa = XCBuildConfiguration;
			buildSettings = {
				ASSETCATALOG_COMPILER_APPICON_NAME = AppIcon;
				ASSETCATALOG_COMPILER_GLOBAL_ACCENT_COLOR_NAME = AccentColor;
				CODE_SIGN_STYLE = Automatic;
				CURRENT_PROJECT_VERSION = 1;
				GENERATE_INFOPLIST_FILE = YES;
				INFOPLIST_FILE = Books/Info.plist;
				INFOPLIST_KEY_UIApplicationSupportsIndirectInputEvents = YES;
				INFOPLIST_KEY_UILaunchStoryboardName = LaunchScreen;
				INFOPLIST_KEY_UISupportedInterfaceOrientations_iPad = "UIInterfaceOrientationPortrait UIInterfaceOrientationPortraitUpsideDown UIInterfaceOrientationLandscapeLeft UIInterfaceOrientationLandscapeRight";
				INFOPLIST_KEY_UISupportedInterfaceOrientations_iPhone = "UIInterfaceOrientationPortrait UIInterfaceOrientationLandscapeLeft UIInterfaceOrientationLandscapeRight";
				LD_RUNPATH_SEARCH_PATHS = (
					"$(inherited)",
					"@executable_path/Frameworks",
				);
				MARKETING_VERSION = 1.0;
				PRODUCT_BUNDLE_IDENTIFIER = books.Books;
				PRODUCT_NAME = "$(TARGET_NAME)";
				SWIFT_EMIT_LOC_STRINGS = YES;
				SWIFT_VERSION = 5.0;
				TARGETED_DEVICE_FAMILY = "1,2";
			};
			name = Debug;
		};
		6315A24F2741236500B36F1A /* Release */ = {
			isa = XCBuildConfiguration;
			buildSettings = {
				ASSETCATALOG_COMPILER_APPICON_NAME = AppIcon;
				ASSETCATALOG_COMPILER_GLOBAL_ACCENT_COLOR_NAME = AccentColor;
				CODE_SIGN_STYLE = Automatic;
				CURRENT_PROJECT_VERSION = 1;
				GENERATE_INFOPLIST_FILE = YES;
				INFOPLIST_FILE = Books/Info.plist;
				INFOPLIST_KEY_UIApplicationSupportsIndirectInputEvents = YES;
				INFOPLIST_KEY_UILaunchStoryboardName = LaunchScreen;
				INFOPLIST_KEY_UISupportedInterfaceOrientations_iPad = "UIInterfaceOrientationPortrait UIInterfaceOrientationPortraitUpsideDown UIInterfaceOrientationLandscapeLeft UIInterfaceOrientationLandscapeRight";
				INFOPLIST_KEY_UISupportedInterfaceOrientations_iPhone = "UIInterfaceOrientationPortrait UIInterfaceOrientationLandscapeLeft UIInterfaceOrientationLandscapeRight";
				LD_RUNPATH_SEARCH_PATHS = (
					"$(inherited)",
					"@executable_path/Frameworks",
				);
				MARKETING_VERSION = 1.0;
				PRODUCT_BUNDLE_IDENTIFIER = books.Books;
				PRODUCT_NAME = "$(TARGET_NAME)";
				SWIFT_EMIT_LOC_STRINGS = YES;
				SWIFT_VERSION = 5.0;
				TARGETED_DEVICE_FAMILY = "1,2";
			};
			name = Release;
		};
		6315A2512741236500B36F1A /* Debug */ = {
			isa = XCBuildConfiguration;
			buildSettings = {
				ALWAYS_EMBED_SWIFT_STANDARD_LIBRARIES = YES;
				BUNDLE_LOADER = "$(TEST_HOST)";
				CODE_SIGN_STYLE = Automatic;
				CURRENT_PROJECT_VERSION = 1;
				GENERATE_INFOPLIST_FILE = YES;
				IPHONEOS_DEPLOYMENT_TARGET = 15.0;
				LD_RUNPATH_SEARCH_PATHS = (
					"$(inherited)",
					"@executable_path/Frameworks",
					"@loader_path/Frameworks",
				);
				MARKETING_VERSION = 1.0;
				PRODUCT_BUNDLE_IDENTIFIER = books.BooksTests;
				PRODUCT_NAME = "$(TARGET_NAME)";
				SWIFT_EMIT_LOC_STRINGS = NO;
				SWIFT_VERSION = 5.0;
				TARGETED_DEVICE_FAMILY = "1,2";
				TEST_HOST = "$(BUILT_PRODUCTS_DIR)/Books.app/Books";
			};
			name = Debug;
		};
		6315A2522741236500B36F1A /* Release */ = {
			isa = XCBuildConfiguration;
			buildSettings = {
				ALWAYS_EMBED_SWIFT_STANDARD_LIBRARIES = YES;
				BUNDLE_LOADER = "$(TEST_HOST)";
				CODE_SIGN_STYLE = Automatic;
				CURRENT_PROJECT_VERSION = 1;
				GENERATE_INFOPLIST_FILE = YES;
				IPHONEOS_DEPLOYMENT_TARGET = 15.0;
				LD_RUNPATH_SEARCH_PATHS = (
					"$(inherited)",
					"@executable_path/Frameworks",
					"@loader_path/Frameworks",
				);
				MARKETING_VERSION = 1.0;
				PRODUCT_BUNDLE_IDENTIFIER = books.BooksTests;
				PRODUCT_NAME = "$(TARGET_NAME)";
				SWIFT_EMIT_LOC_STRINGS = NO;
				SWIFT_VERSION = 5.0;
				TARGETED_DEVICE_FAMILY = "1,2";
				TEST_HOST = "$(BUILT_PRODUCTS_DIR)/Books.app/Books";
			};
			name = Release;
		};
		6315A2542741236500B36F1A /* Debug */ = {
			isa = XCBuildConfiguration;
			buildSettings = {
				ALWAYS_EMBED_SWIFT_STANDARD_LIBRARIES = YES;
				CODE_SIGN_STYLE = Automatic;
				CURRENT_PROJECT_VERSION = 1;
				GENERATE_INFOPLIST_FILE = YES;
				LD_RUNPATH_SEARCH_PATHS = (
					"$(inherited)",
					"@executable_path/Frameworks",
					"@loader_path/Frameworks",
				);
				MARKETING_VERSION = 1.0;
				PRODUCT_BUNDLE_IDENTIFIER = books.BooksUITests;
				PRODUCT_NAME = "$(TARGET_NAME)";
				SWIFT_EMIT_LOC_STRINGS = NO;
				SWIFT_VERSION = 5.0;
				TARGETED_DEVICE_FAMILY = "1,2";
				TEST_TARGET_NAME = Books;
			};
			name = Debug;
		};
		6315A2552741236500B36F1A /* Release */ = {
			isa = XCBuildConfiguration;
			buildSettings = {
				ALWAYS_EMBED_SWIFT_STANDARD_LIBRARIES = YES;
				CODE_SIGN_STYLE = Automatic;
				CURRENT_PROJECT_VERSION = 1;
				GENERATE_INFOPLIST_FILE = YES;
				LD_RUNPATH_SEARCH_PATHS = (
					"$(inherited)",
					"@executable_path/Frameworks",
					"@loader_path/Frameworks",
				);
				MARKETING_VERSION = 1.0;
				PRODUCT_BUNDLE_IDENTIFIER = books.BooksUITests;
				PRODUCT_NAME = "$(TARGET_NAME)";
				SWIFT_EMIT_LOC_STRINGS = NO;
				SWIFT_VERSION = 5.0;
				TARGETED_DEVICE_FAMILY = "1,2";
				TEST_TARGET_NAME = Books;
			};
			name = Release;
		};
/* End XCBuildConfiguration section */

/* Begin XCConfigurationList section */
		6315A21E2741236300B36F1A /* Build configuration list for PBXProject "Books" */ = {
			isa = XCConfigurationList;
			buildConfigurations = (
				6315A24B2741236500B36F1A /* Debug */,
				6315A24C2741236500B36F1A /* Release */,
			);
			defaultConfigurationIsVisible = 0;
			defaultConfigurationName = Release;
		};
		6315A24D2741236500B36F1A /* Build configuration list for PBXNativeTarget "Books" */ = {
			isa = XCConfigurationList;
			buildConfigurations = (
				6315A24E2741236500B36F1A /* Debug */,
				6315A24F2741236500B36F1A /* Release */,
			);
			defaultConfigurationIsVisible = 0;
			defaultConfigurationName = Release;
		};
		6315A2502741236500B36F1A /* Build configuration list for PBXNativeTarget "BooksTests" */ = {
			isa = XCConfigurationList;
			buildConfigurations = (
				6315A2512741236500B36F1A /* Debug */,
				6315A2522741236500B36F1A /* Release */,
			);
			defaultConfigurationIsVisible = 0;
			defaultConfigurationName = Release;
		};
		6315A2532741236500B36F1A /* Build configuration list for PBXNativeTarget "BooksUITests" */ = {
			isa = XCConfigurationList;
			buildConfigurations = (
				6315A2542741236500B36F1A /* Debug */,
				6315A2552741236500B36F1A /* Release */,
			);
			defaultConfigurationIsVisible = 0;
			defaultConfigurationName = Release;
		};
/* End XCConfigurationList section */
	};
	rootObject = 6315A21B2741236300B36F1A /* Project object */;
}
